{
  "name": "paypal_ipn_simulator",
  "version": "0.0.0",
  "lockfileVersion": 1,
  "requires": true,
  "dependencies": {
    "expressjs": {
      "version": "1.0.1",
      "resolved": "https://registry.npmjs.org/expressjs/-/expressjs-1.0.1.tgz",
      "integrity": "sha1-IgMoRpoY31rWFeK3oM6ZXxf7ru8="
    }
  }
}
